
Microsoft Visual Studio Solution File, Format Version 12.00
# Visual Studio Version 16
VisualStudioVersion = 16.0.31321.278
MinimumVisualStudioVersion = 10.0.40219.1
Project("{9A19103F-16F7-4668-BE54-9A1E7A4F7556}") = "Hotels.Core", "Hotels.Core\Hotels.Core.csproj", "{1CF81D32-D685-4AB6-A4D8-45936296B960}"
EndProject
Project("{9A19103F-16F7-4668-BE54-9A1E7A4F7556}") = "Hotels.WebApi", "Hotels.WebApi\Hotels.WebApi.csproj", "{A25E0345-4C36-4875-AD61-57346B0D3C4D}"
EndProject
Project("{9A19103F-16F7-4668-BE54-9A1E7A4F7556}") = "Hotels.Data", "Hotels.Data\Hotels.Data.csproj", "{7F4B66AF-FD6E-4D00-AA35-A2BAD70B6B64}"
EndProject
Global
	GlobalSection(SolutionConfigurationPlatforms) = preSolution
		Debug|Any CPU = Debug|Any CPU
		Release|Any CPU = Release|Any CPU
	EndGlobalSection
	GlobalSection(ProjectConfigurationPlatforms) = postSolution
		{1CF81D32-D685-4AB6-A4D8-45936296B960}.Debug|Any CPU.ActiveCfg = Debug|Any CPU
		{1CF81D32-D685-4AB6-A4D8-45936296B960}.Debug|Any CPU.Build.0 = Debug|Any CPU
		{1CF81D32-D685-4AB6-A4D8-45936296B960}.Release|Any CPU.ActiveCfg = Release|Any CPU
		{1CF81D32-D685-4AB6-A4D8-45936296B960}.Release|Any CPU.Build.0 = Release|Any CPU
		{A25E0345-4C36-4875-AD61-57346B0D3C4D}.Debug|Any CPU.ActiveCfg = Debug|Any CPU
		{A25E0345-4C36-4875-AD61-57346B0D3C4D}.Debug|Any CPU.Build.0 = Debug|Any CPU
		{A25E0345-4C36-4875-AD61-57346B0D3C4D}.Release|Any CPU.ActiveCfg = Release|Any CPU
		{A25E0345-4C36-4875-AD61-57346B0D3C4D}.Release|Any CPU.Build.0 = Release|Any CPU
		{7F4B66AF-FD6E-4D00-AA35-A2BAD70B6B64}.Debug|Any CPU.ActiveCfg = Debug|Any CPU
		{7F4B66AF-FD6E-4D00-AA35-A2BAD70B6B64}.Debug|Any CPU.Build.0 = Debug|Any CPU
		{7F4B66AF-FD6E-4D00-AA35-A2BAD70B6B64}.Release|Any CPU.ActiveCfg = Release|Any CPU
		{7F4B66AF-FD6E-4D00-AA35-A2BAD70B6B64}.Release|Any CPU.Build.0 = Release|Any CPU
	EndGlobalSection
	GlobalSection(SolutionProperties) = preSolution
		HideSolutionNode = FALSE
	EndGlobalSection
	GlobalSection(ExtensibilityGlobals) = postSolution
		SolutionGuid = {35C7F5F7-B5F5-40BB-8D07-75CB2C1060FE}
	EndGlobalSection
EndGlobal
